
Microsoft Visual Studio Solution File, Format Version 12.00
# Visual Studio Version 17
VisualStudioVersion = 17.11.35219.272
MinimumVisualStudioVersion = 10.0.40219.1
Project("{FAE04EC0-301F-11D3-BF4B-00C04F79EFBC}") = "insuranceLeadApi", "insuranceLeadApi\insuranceLeadApi.csproj", "{B896C8E4-A5F3-44FF-A680-D8257AC3C357}"
EndProject
Global
	GlobalSection(SolutionConfigurationPlatforms) = preSolution
		Debug|Any CPU = Debug|Any CPU
		Release|Any CPU = Release|Any CPU
	EndGlobalSection
	GlobalSection(ProjectConfigurationPlatforms) = postSolution
		{B896C8E4-A5F3-44FF-A680-D8257AC3C357}.Debug|Any CPU.ActiveCfg = Debug|Any CPU
		{B896C8E4-A5F3-44FF-A680-D8257AC3C357}.Debug|Any CPU.Build.0 = Debug|Any CPU
		{B896C8E4-A5F3-44FF-A680-D8257AC3C357}.Release|Any CPU.ActiveCfg = Release|Any CPU
		{B896C8E4-A5F3-44FF-A680-D8257AC3C357}.Release|Any CPU.Build.0 = Release|Any CPU
	EndGlobalSection
	GlobalSection(SolutionProperties) = preSolution
		HideSolutionNode = FALSE
	EndGlobalSection
	GlobalSection(ExtensibilityGlobals) = postSolution
		SolutionGuid = {EDAD286C-F02E-483E-9046-E7B5DD93564E}
	EndGlobalSection
EndGlobal
